dependencies:
- name: influxdb
  repository: https://helm.influxdata.com
  version: 4.10.2
- name: grafana
  repository: https://grafana.github.io/helm-charts
  version: 6.50.7
- name: prometheus
  repository: https://prometheus-community.github.io/helm-charts
  version: 19.7.2
digest: sha256:ad972c143af13d1d17b87bc1c3cd5ef2dfd2a12099198cccfe475b12946420ad
generated: "2023-03-13T15:41:11.187657+01:00"
