dependencies:
- name: influxdb
  repository: https://helm.influxdata.com
  version: 4.12.5
- name: prometheus
  repository: https://prometheus-community.github.io/helm-charts
  version: 25.18.0
- name: plutono
  repository: ""
  version: 0.1.0
digest: sha256:79ea23cb2fcb000e7fe982d309b6fa5afb652bda79b94694f4b96f045a281e75
generated: "2024-03-28T11:30:20.875871+01:00"
