dependencies:
- name: influxdb
  repository: https://helm.influxdata.com
  version: 4.12.5
- name: prometheus
  repository: https://prometheus-community.github.io/helm-charts
  version: 25.18.0
digest: sha256:1131695b3edde525d2b8daf87fd552e9f88bd4acc827ece9da598d1b396294bb
generated: "2024-10-28T08:31:07.456127+01:00"
